// !$*UTF8*$!
{
	archiveVersion = 1;
	classes = {
	};
	objectVersion = 46;
	objects = {

/* Begin PBXBuildFile section */
		689489E21CBF6A4F0066D723 /* main.m in Sources */ = {isa = PBXBuildFile; fileRef = 689489E11CBF6A4F0066D723 /* main.m */; };
		689489E51CBF6A4F0066D723 /* AppDelegate.m in Sources */ = {isa = PBXBuildFile; fileRef = 689489E41CBF6A4F0066D723 /* AppDelegate.m */; };
		689489E81CBF6A4F0066D723 /* ViewController.m in Sources */ = {isa = PBXBuildFile; fileRef = 689489E71CBF6A4F0066D723 /* ViewController.m */; };
		689489EB1CBF6A4F0066D723 /* Main.storyboard in Resources */ = {isa = PBXBuildFile; fileRef = 689489E91CBF6A4F0066D723 /* Main.storyboard */; };
		689489ED1CBF6A4F0066D723 /* Assets.xcassets in Resources */ = {isa = PBXBuildFile; fileRef = 689489EC1CBF6A4F0066D723 /* Assets.xcassets */; };
		689489F01CBF6A4F0066D723 /* LaunchScreen.storyboard in Resources */ = {isa = PBXBuildFile; fileRef = 689489EE1CBF6A4F0066D723 /* LaunchScreen.storyboard */; };
		689489FB1CBF6A4F0066D723 /* RunLoopTestTests.m in Sources */ = {isa = PBXBuildFile; fileRef = 689489FA1CBF6A4F0066D723 /* RunLoopTestTests.m */; };
		68948A061CBF6A4F0066D723 /* RunLoopTestUITests.m in Sources */ = {isa = PBXBuildFile; fileRef = 68948A051CBF6A4F0066D723 /* RunLoopTestUITests.m */; };
/* End PBXBuildFile section */

/* Begin PBXContainerItemProxy section */
		689489F71CBF6A4F0066D723 /* PBXContainerItemProxy */ = {
			isa = PBXContainerItemProxy;
			containerPortal = 689489D51CBF6A4F0066D723 /* Project object */;
			proxyType = 1;
			remoteGlobalIDString = 689489DC1CBF6A4F0066D723;
			remoteInfo = RunLoopTest;
		};
		68948A021CBF6A4F0066D723 /* PBXContainerItemProxy */ = {
			isa = PBXContainerItemProxy;
			containerPortal = 689489D51CBF6A4F0066D723 /* Project object */;
			proxyType = 1;
			remoteGlobalIDString = 689489DC1CBF6A4F0066D723;
			remoteInfo = RunLoopTest;
		};
/* End PBXContainerItemProxy section */

/* Begin PBXFileReference section */
		689489DD1CBF6A4F0066D723 /* RunLoopTest.app */ = {isa = PBXFileReference; explicitFileType = wrapper.application; includeInIndex = 0; path = RunLoopTest.app; sourceTree = BUILT_PRODUCTS_DIR; };
		689489E11CBF6A4F0066D723 /* main.m */ = {isa = PBXFileReference; lastKnownFileType = sourcecode.c.objc; path = main.m; sourceTree = "<group>"; };
		689489E31CBF6A4F0066D723 /* AppDelegate.h */ = {isa = PBXFileReference; lastKnownFileType = sourcecode.c.h; path = AppDelegate.h; sourceTree = "<group>"; };
		689489E41CBF6A4F0066D723 /* AppDelegate.m */ = {isa = PBXFileReference; lastKnownFileType = sourcecode.c.objc; path = AppDelegate.m; sourceTree = "<group>"; };
		689489E61CBF6A4F0066D723 /* ViewController.h */ = {isa = PBXFileReference; lastKnownFileType = sourcecode.c.h; path = ViewController.h; sourceTree = "<group>"; };
		689489E71CBF6A4F0066D723 /* ViewController.m */ = {isa = PBXFileReference; lastKnownFileType = sourcecode.c.objc; path = ViewController.m; sourceTree = "<group>"; };
		689489EA1CBF6A4F0066D723 /* Base */ = {isa = PBXFileReference; lastKnownFileType = file.storyboard; name = Base; path = Base.lproj/Main.storyboard; sourceTree = "<group>"; };
		689489EC1CBF6A4F0066D723 /* Assets.xcassets */ = {isa = PBXFileReference; lastKnownFileType = folder.assetcatalog; path = Assets.xcassets; sourceTree = "<group>"; };
		689489EF1CBF6A4F0066D723 /* Base */ = {isa = PBXFileReference; lastKnownFileType = file.storyboard; name = Base; path = Base.lproj/LaunchScreen.storyboard; sourceTree = "<group>"; };
		689489F11CBF6A4F0066D723 /* Info.plist */ = {isa = PBXFileReference; lastKnownFileType = text.plist.xml; path = Info.plist; sourceTree = "<group>"; };
		689489F61CBF6A4F0066D723 /* RunLoopTestTests.xctest */ = {isa = PBXFileReference; explicitFileType = wrapper.cfbundle; includeInIndex = 0; path = RunLoopTestTests.xctest; sourceTree = BUILT_PRODUCTS_DIR; };
		689489FA1CBF6A4F0066D723 /* RunLoopTestTests.m */ = {isa = PBXFileReference; lastKnownFileType = sourcecode.c.objc; path = RunLoopTestTests.m; sourceTree = "<group>"; };
		689489FC1CBF6A4F0066D723 /* Info.plist */ = {isa = PBXFileReference; lastKnownFileType = text.plist.xml; path = Info.plist; sourceTree = "<group>"; };
		68948A011CBF6A4F0066D723 /* RunLoopTestUITests.xctest */ = {isa = PBXFileReference; explicitFileType = wrapper.cfbundle; includeInIndex = 0; path = RunLoopTestUITests.xctest; sourceTree = BUILT_PRODUCTS_DIR; };
		68948A051CBF6A4F0066D723 /* RunLoopTestUITests.m */ = {isa = PBXFileReference; lastKnownFileType = sourcecode.c.objc; path = RunLoopTestUITests.m; sourceTree = "<group>"; };
		68948A071CBF6A4F0066D723 /* Info.plist */ = {isa = PBXFileReference; lastKnownFileType = text.plist.xml; path = Info.plist; sourceTree = "<group>"; };
/* End PBXFileReference section */

/* Begin PBXFrameworksBuildPhase section */
		689489DA1CBF6A4F0066D723 /* Frameworks */ = {
			isa = PBXFrameworksBuildPhase;
			buildActionMask = 2147483647;
			files = (
			);
			runOnlyForDeploymentPostprocessing = 0;
		};
		689489F31CBF6A4F0066D723 /* Frameworks */ = {
			isa = PBXFrameworksBuildPhase;
			buildActionMask = 2147483647;
			files = (
			);
			runOnlyForDeploymentPostprocessing = 0;
		};
		689489FE1CBF6A4F0066D723 /* Frameworks */ = {
			isa = PBXFrameworksBuildPhase;
			buildActionMask = 2147483647;
			files = (
			);
			runOnlyForDeploymentPostprocessing = 0;
		};
/* End PBXFrameworksBuildPhase section */

/* Begin PBXGroup section */
		689489D41CBF6A4F0066D723 = {
			isa = PBXGroup;
			children = (
				689489DF1CBF6A4F0066D723 /* RunLoopTest */,
				689489F91CBF6A4F0066D723 /* RunLoopTestTests */,
				68948A041CBF6A4F0066D723 /* RunLoopTestUITests */,
				689489DE1CBF6A4F0066D723 /* Products */,
			);
			sourceTree = "<group>";
		};
		689489DE1CBF6A4F0066D723 /* Products */ = {
			isa = PBXGroup;
			children = (
				689489DD1CBF6A4F0066D723 /* RunLoopTest.app */,
				689489F61CBF6A4F0066D723 /* RunLoopTestTests.xctest */,
				68948A011CBF6A4F0066D723 /* RunLoopTestUITests.xctest */,
			);
			name = Products;
			sourceTree = "<group>";
		};
		689489DF1CBF6A4F0066D723 /* RunLoopTest */ = {
			isa = PBXGroup;
			children = (
				689489E31CBF6A4F0066D723 /* AppDelegate.h */,
				689489E41CBF6A4F0066D723 /* AppDelegate.m */,
				689489E61CBF6A4F0066D723 /* ViewController.h */,
				689489E71CBF6A4F0066D723 /* ViewController.m */,
				689489E91CBF6A4F0066D723 /* Main.storyboard */,
				689489EC1CBF6A4F0066D723 /* Assets.xcassets */,
				689489EE1CBF6A4F0066D723 /* LaunchScreen.storyboard */,
				689489F11CBF6A4F0066D723 /* Info.plist */,
				689489E01CBF6A4F0066D723 /* Supporting Files */,
			);
			path = RunLoopTest;
			sourceTree = "<group>";
		};
		689489E01CBF6A4F0066D723 /* Supporting Files */ = {
			isa = PBXGroup;
			children = (
				689489E11CBF6A4F0066D723 /* main.m */,
			);
			name = "Supporting Files";
			sourceTree = "<group>";
		};
		689489F91CBF6A4F0066D723 /* RunLoopTestTests */ = {
			isa = PBXGroup;
			children = (
				689489FA1CBF6A4F0066D723 /* RunLoopTestTests.m */,
				689489FC1CBF6A4F0066D723 /* Info.plist */,
			);
			path = RunLoopTestTests;
			sourceTree = "<group>";
		};
		68948A041CBF6A4F0066D723 /* RunLoopTestUITests */ = {
			isa = PBXGroup;
			children = (
				68948A051CBF6A4F0066D723 /* RunLoopTestUITests.m */,
				68948A071CBF6A4F0066D723 /* Info.plist */,
			);
			path = RunLoopTestUITests;
			sourceTree = "<group>";
		};
/* End PBXGroup section */

/* Begin PBXNativeTarget section */
		689489DC1CBF6A4F0066D723 /* RunLoopTest */ = {
			isa = PBXNativeTarget;
			buildConfigurationList = 68948A0A1CBF6A4F0066D723 /* Build configuration list for PBXNativeTarget "RunLoopTest" */;
			buildPhases = (
				689489D91CBF6A4F0066D723 /* Sources */,
				689489DA1CBF6A4F0066D723 /* Frameworks */,
				689489DB1CBF6A4F0066D723 /* Resources */,
			);
			buildRules = (
			);
			dependencies = (
			);
			name = RunLoopTest;
			productName = RunLoopTest;
			productReference = 689489DD1CBF6A4F0066D723 /* RunLoopTest.app */;
			productType = "com.apple.product-type.application";
		};
		689489F51CBF6A4F0066D723 /* RunLoopTestTests */ = {
			isa = PBXNativeTarget;
			buildConfigurationList = 68948A0D1CBF6A4F0066D723 /* Build configuration list for PBXNativeTarget "RunLoopTestTests" */;
			buildPhases = (
				689489F21CBF6A4F0066D723 /* Sources */,
				689489F31CBF6A4F0066D723 /* Frameworks */,
				689489F41CBF6A4F0066D723 /* Resources */,
			);
			buildRules = (
			);
			dependencies = (
				689489F81CBF6A4F0066D723 /* PBXTargetDependency */,
			);
			name = RunLoopTestTests;
			productName = RunLoopTestTests;
			productReference = 689489F61CBF6A4F0066D723 /* RunLoopTestTests.xctest */;
			productType = "com.apple.product-type.bundle.unit-test";
		};
		68948A001CBF6A4F0066D723 /* RunLoopTestUITests */ = {
			isa = PBXNativeTarget;
			buildConfigurationList = 68948A101CBF6A4F0066D723 /* Build configuration list for PBXNativeTarget "RunLoopTestUITests" */;
			buildPhases = (
				689489FD1CBF6A4F0066D723 /* Sources */,
				689489FE1CBF6A4F0066D723 /* Frameworks */,
				689489FF1CBF6A4F0066D723 /* Resources */,
			);
			buildRules = (
			);
			dependencies = (
				68948A031CBF6A4F0066D723 /* PBXTargetDependency */,
			);
			name = RunLoopTestUITests;
			productName = RunLoopTestUITests;
			productReference = 68948A011CBF6A4F0066D723 /* RunLoopTestUITests.xctest */;
			productType = "com.apple.product-type.bundle.ui-testing";
		};
/* End PBXNativeTarget section */

/* Begin PBXProject section */
		689489D51CBF6A4F0066D723 /* Project object */ = {
			isa = PBXProject;
			attributes = {
				LastUpgradeCheck = 0730;
				ORGANIZATIONNAME = abs;
				TargetAttributes = {
					689489DC1CBF6A4F0066D723 = {
						CreatedOnToolsVersion = 7.3;
					};
					689489F51CBF6A4F0066D723 = {
						CreatedOnToolsVersion = 7.3;
						TestTargetID = 689489DC1CBF6A4F0066D723;
					};
					68948A001CBF6A4F0066D723 = {
						CreatedOnToolsVersion = 7.3;
						TestTargetID = 689489DC1CBF6A4F0066D723;
					};
				};
			};
			buildConfigurationList = 689489D81CBF6A4F0066D723 /* Build configuration list for PBXProject "RunLoopTest" */;
			compatibilityVersion = "Xcode 3.2";
			developmentRegion = English;
			hasScannedForEncodings = 0;
			knownRegions = (
				en,
				Base,
			);
			mainGroup = 689489D41CBF6A4F0066D723;
			productRefGroup = 689489DE1CBF6A4F0066D723 /* Products */;
			projectDirPath = "";
			projectRoot = "";
			targets = (
				689489DC1CBF6A4F0066D723 /* RunLoopTest */,
				689489F51CBF6A4F0066D723 /* RunLoopTestTests */,
				68948A001CBF6A4F0066D723 /* RunLoopTestUITests */,
			);
		};
/* End PBXProject section */

/* Begin PBXResourcesBuildPhase section */
		689489DB1CBF6A4F0066D723 /* Resources */ = {
			isa = PBXResourcesBuildPhase;
			buildActionMask = 2147483647;
			files = (
				689489F01CBF6A4F0066D723 /* LaunchScreen.storyboard in Resources */,
				689489ED1CBF6A4F0066D723 /* Assets.xcassets in Resources */,
				689489EB1CBF6A4F0066D723 /* Main.storyboard in Resources */,
			);
			runOnlyForDeploymentPostprocessing = 0;
		};
		689489F41CBF6A4F0066D723 /* Resources */ = {
			isa = PBXResourcesBuildPhase;
			buildActionMask = 2147483647;
			files = (
			);
			runOnlyForDeploymentPostprocessing = 0;
		};
		689489FF1CBF6A4F0066D723 /* Resources */ = {
			isa = PBXResourcesBuildPhase;
			buildActionMask = 2147483647;
			files = (
			);
			runOnlyForDeploymentPostprocessing = 0;
		};
/* End PBXResourcesBuildPhase section */

/* Begin PBXSourcesBuildPhase section */
		689489D91CBF6A4F0066D723 /* Sources */ = {
			isa = PBXSourcesBuildPhase;
			buildActionMask = 2147483647;
			files = (
				689489E81CBF6A4F0066D723 /* ViewController.m in Sources */,
				689489E51CBF6A4F0066D723 /* AppDelegate.m in Sources */,
				689489E21CBF6A4F0066D723 /* main.m in Sources */,
			);
			runOnlyForDeploymentPostprocessing = 0;
		};
		689489F21CBF6A4F0066D723 /* Sources */ = {
			isa = PBXSourcesBuildPhase;
			buildActionMask = 2147483647;
			files = (
				689489FB1CBF6A4F0066D723 /* RunLoopTestTests.m in Sources */,
			);
			runOnlyForDeploymentPostprocessing = 0;
		};
		689489FD1CBF6A4F0066D723 /* Sources */ = {
			isa = PBXSourcesBuildPhase;
			buildActionMask = 2147483647;
			files = (
				68948A061CBF6A4F0066D723 /* RunLoopTestUITests.m in Sources */,
			);
			runOnlyForDeploymentPostprocessing = 0;
		};
/* End PBXSourcesBuildPhase section */

/* Begin PBXTargetDependency section */
		689489F81CBF6A4F0066D723 /* PBXTargetDependency */ = {
			isa = PBXTargetDependency;
			target = 689489DC1CBF6A4F0066D723 /* RunLoopTest */;
			targetProxy = 689489F71CBF6A4F0066D723 /* PBXContainerItemProxy */;
		};
		68948A031CBF6A4F0066D723 /* PBXTargetDependency */ = {
			isa = PBXTargetDependency;
			target = 689489DC1CBF6A4F0066D723 /* RunLoopTest */;
			targetProxy = 68948A021CBF6A4F0066D723 /* PBXContainerItemProxy */;
		};
/* End PBXTargetDependency section */

/* Begin PBXVariantGroup section */
		689489E91CBF6A4F0066D723 /* Main.storyboard */ = {
			isa = PBXVariantGroup;
			children = (
				689489EA1CBF6A4F0066D723 /* Base */,
			);
			name = Main.storyboard;
			sourceTree = "<group>";
		};
		689489EE1CBF6A4F0066D723 /* LaunchScreen.storyboard */ = {
			isa = PBXVariantGroup;
			children = (
				689489EF1CBF6A4F0066D723 /* Base */,
			);
			name = LaunchScreen.storyboard;
			sourceTree = "<group>";
		};
/* End PBXVariantGroup section */

/* Begin XCBuildConfiguration section */
		68948A081CBF6A4F0066D723 /* Debug */ = {
			isa = XCBuildConfiguration;
			buildSettings = {
				ALWAYS_SEARCH_USER_PATHS = NO;
				CLANG_ANALYZER_NONNULL = YES;
				CLANG_CXX_LANGUAGE_STANDARD = "gnu++0x";
				CLANG_CXX_LIBRARY = "libc++";
				CLANG_ENABLE_MODULES = YES;
				CLANG_ENABLE_OBJC_ARC = YES;
				CLANG_WARN_BOOL_CONVERSION = YES;
				CLANG_WARN_CONSTANT_CONVERSION = YES;
				CLANG_WARN_DIRECT_OBJC_ISA_USAGE = YES_ERROR;
				CLANG_WARN_EMPTY_BODY = YES;
				CLANG_WARN_ENUM_CONVERSION = YES;
				CLANG_WARN_INT_CONVERSION = YES;
				CLANG_WARN_OBJC_ROOT_CLASS = YES_ERROR;
				CLANG_WARN_UNREACHABLE_CODE = YES;
				CLANG_WARN__DUPLICATE_METHOD_MATCH = YES;
				"CODE_SIGN_IDENTITY[sdk=iphoneos*]" = "iPhone Developer";
				COPY_PHASE_STRIP = NO;
				DEBUG_INFORMATION_FORMAT = dwarf;
				ENABLE_STRICT_OBJC_MSGSEND = YES;
				ENABLE_TESTABILITY = YES;
				GCC_C_LANGUAGE_STANDARD = gnu99;
				GCC_DYNAMIC_NO_PIC = NO;
				GCC_NO_COMMON_BLOCKS = YES;
				GCC_OPTIMIZATION_LEVEL = 0;
				GCC_PREPROCESSOR_DEFINITIONS = (
					"DEBUG=1",
					"$(inherited)",
				);
				GCC_WARN_64_TO_32_BIT_CONVERSION = YES;
				GCC_WARN_ABOUT_RETURN_TYPE = YES_ERROR;
				GCC_WARN_UNDECLARED_SELECTOR = YES;
				GCC_WARN_UNINITIALIZED_AUTOS = YES_AGGRESSIVE;
				GCC_WARN_UNUSED_FUNCTION = YES;
				GCC_WARN_UNUSED_VARIABLE = YES;
				IPHONEOS_DEPLOYMENT_TARGET = 9.3;
				MTL_ENABLE_DEBUG_INFO = YES;
				ONLY_ACTIVE_ARCH = YES;
				SDKROOT = iphoneos;
			};
			name = Debug;
		};
		68948A091CBF6A4F0066D723 /* Release */ = {
			isa = XCBuildConfiguration;
			buildSettings = {
				ALWAYS_SEARCH_USER_PATHS = NO;
				CLANG_ANALYZER_NONNULL = YES;
				CLANG_CXX_LANGUAGE_STANDARD = "gnu++0x";
				CLANG_CXX_LIBRARY = "libc++";
				CLANG_ENABLE_MODULES = YES;
				CLANG_ENABLE_OBJC_ARC = YES;
				CLANG_WARN_BOOL_CONVERSION = YES;
				CLANG_WARN_CONSTANT_CONVERSION = YES;
				CLANG_WARN_DIRECT_OBJC_ISA_USAGE = YES_ERROR;
				CLANG_WARN_EMPTY_BODY = YES;
				CLANG_WARN_ENUM_CONVERSION = YES;
				CLANG_WARN_INT_CONVERSION = YES;
				CLANG_WARN_OBJC_ROOT_CLASS = YES_ERROR;
				CLANG_WARN_UNREACHABLE_CODE = YES;
				CLANG_WARN__DUPLICATE_METHOD_MATCH = YES;
				"CODE_SIGN_IDENTITY[sdk=iphoneos*]" = "iPhone Developer";
				COPY_PHASE_STRIP = NO;
				DEBUG_INFORMATION_FORMAT = "dwarf-with-dsym";
				ENABLE_NS_ASSERTIONS = NO;
				ENABLE_STRICT_OBJC_MSGSEND = YES;
				GCC_C_LANGUAGE_STANDARD = gnu99;
				GCC_NO_COMMON_BLOCKS = YES;
				GCC_WARN_64_TO_32_BIT_CONVERSION = YES;
				GCC_WARN_ABOUT_RETURN_TYPE = YES_ERROR;
				GCC_WARN_UNDECLARED_SELECTOR = YES;
				GCC_WARN_UNINITIALIZED_AUTOS = YES_AGGRESSIVE;
				GCC_WARN_UNUSED_FUNCTION = YES;
				GCC_WARN_UNUSED_VARIABLE = YES;
				IPHONEOS_DEPLOYMENT_TARGET = 9.3;
				MTL_ENABLE_DEBUG_INFO = NO;
				SDKROOT = iphoneos;
				VALIDATE_PRODUCT = YES;
			};
			name = Release;
		};
		68948A0B1CBF6A4F0066D723 /* Debug */ = {
			isa = XCBuildConfiguration;
			buildSettings = {
				ASSETCATALOG_COMPILER_APPICON_NAME = AppIcon;
				INFOPLIST_FILE = RunLoopTest/Info.plist;
				LD_RUNPATH_SEARCH_PATHS = "$(inherited) @executable_path/Frameworks";
				PRODUCT_BUNDLE_IDENTIFIER = com.abs.RunLoopTest;
				PRODUCT_NAME = "$(TARGET_NAME)";
			};
			name = Debug;
		};
		68948A0C1CBF6A4F0066D723 /* Release */ = {
			isa = XCBuildConfiguration;
			buildSettings = {
				ASSETCATALOG_COMPILER_APPICON_NAME = AppIcon;
				INFOPLIST_FILE = RunLoopTest/Info.plist;
				LD_RUNPATH_SEARCH_PATHS = "$(inherited) @executable_path/Frameworks";
				PRODUCT_BUNDLE_IDENTIFIER = com.abs.RunLoopTest;
				PRODUCT_NAME = "$(TARGET_NAME)";
			};
			name = Release;
		};
		68948A0E1CBF6A4F0066D723 /* Debug */ = {
			isa = XCBuildConfiguration;
			buildSettings = {
				BUNDLE_LOADER = "$(TEST_HOST)";
				INFOPLIST_FILE = RunLoopTestTests/Info.plist;
				LD_RUNPATH_SEARCH_PATHS = "$(inherited) @executable_path/Frameworks @loader_path/Frameworks";
				PRODUCT_BUNDLE_IDENTIFIER = com.abs.RunLoopTestTests;
				PRODUCT_NAME = "$(TARGET_NAME)";
				TEST_HOST = "$(BUILT_PRODUCTS_DIR)/RunLoopTest.app/RunLoopTest";
			};
			name = Debug;
		};
		68948A0F1CBF6A4F0066D723 /* Release */ = {
			isa = XCBuildConfiguration;
			buildSettings = {
				BUNDLE_LOADER = "$(TEST_HOST)";
				INFOPLIST_FILE = RunLoopTestTests/Info.plist;
				LD_RUNPATH_SEARCH_PATHS = "$(inherited) @executable_path/Frameworks @loader_path/Frameworks";
				PRODUCT_BUNDLE_IDENTIFIER = com.abs.RunLoopTestTests;
				PRODUCT_NAME = "$(TARGET_NAME)";
				TEST_HOST = "$(BUILT_PRODUCTS_DIR)/RunLoopTest.app/RunLoopTest";
			};
			name = Release;
		};
		68948A111CBF6A4F0066D723 /* Debug */ = {
			isa = XCBuildConfiguration;
			buildSettings = {
				INFOPLIST_FILE = RunLoopTestUITests/Info.plist;
				LD_RUNPATH_SEARCH_PATHS = "$(inherited) @executable_path/Frameworks @loader_path/Frameworks";
				PRODUCT_BUNDLE_IDENTIFIER = com.abs.RunLoopTestUITests;
				PRODUCT_NAME = "$(TARGET_NAME)";
				TEST_TARGET_NAME = RunLoopTest;
			};
			name = Debug;
		};
		68948A121CBF6A4F0066D723 /* Release */ = {
			isa = XCBuildConfiguration;
			buildSettings = {
				INFOPLIST_FILE = RunLoopTestUITests/Info.plist;
				LD_RUNPATH_SEARCH_PATHS = "$(inherited) @executable_path/Frameworks @loader_path/Frameworks";
				PRODUCT_BUNDLE_IDENTIFIER = com.abs.RunLoopTestUITests;
				PRODUCT_NAME = "$(TARGET_NAME)";
				TEST_TARGET_NAME = RunLoopTest;
			};
			name = Release;
		};
/* End XCBuildConfiguration section */

/* Begin XCConfigurationList section */
		689489D81CBF6A4F0066D723 /* Build configuration list for PBXProject "RunLoopTest" */ = {
			isa = XCConfigurationList;
			buildConfigurations = (
				68948A081CBF6A4F0066D723 /* Debug */,
				68948A091CBF6A4F0066D723 /* Release */,
			);
			defaultConfigurationIsVisible = 0;
			defaultConfigurationName = Release;
		};
		68948A0A1CBF6A4F0066D723 /* Build configuration list for PBXNativeTarget "RunLoopTest" */ = {
			isa = XCConfigurationList;
			buildConfigurations = (
				68948A0B1CBF6A4F0066D723 /* Debug */,
				68948A0C1CBF6A4F0066D723 /* Release */,
			);
			defaultConfigurationIsVisible = 0;
			defaultConfigurationName = Release;
		};
		68948A0D1CBF6A4F0066D723 /* Build configuration list for PBXNativeTarget "RunLoopTestTests" */ = {
			isa = XCConfigurationList;
			buildConfigurations = (
				68948A0E1CBF6A4F0066D723 /* Debug */,
				68948A0F1CBF6A4F0066D723 /* Release */,
			);
			defaultConfigurationIsVisible = 0;
			defaultConfigurationName = Release;
		};
		68948A101CBF6A4F0066D723 /* Build configuration list for PBXNativeTarget "RunLoopTestUITests" */ = {
			isa = XCConfigurationList;
			buildConfigurations = (
				68948A111CBF6A4F0066D723 /* Debug */,
				68948A121CBF6A4F0066D723 /* Release */,
			);
			defaultConfigurationIsVisible = 0;
			defaultConfigurationName = Release;
		};
/* End XCConfigurationList section */
	};
	rootObject = 689489D51CBF6A4F0066D723 /* Project object */;
}
